// !$*UTF8*$!
{
	archiveVersion = 1;
	classes = {
	};
	objectVersion = 56;
	objects = {

/* Begin PBXBuildFile section */
		040380E72C5397E40063E5BE /* SwipeCellKit in Frameworks */ = {isa = PBXBuildFile; productRef = 040380E62C5397E40063E5BE /* SwipeCellKit */; };
		04817C262C51662100A3E318 /* MainVC.swift in Sources */ = {isa = PBXBuildFile; fileRef = 04817C252C51662100A3E318 /* MainVC.swift */; };
		04817C282C51678600A3E318 /* MovieModel.swift in Sources */ = {isa = PBXBuildFile; fileRef = 04817C272C51678600A3E318 /* MovieModel.swift */; };
		04817C2A2C5167F400A3E318 /* ApiService.swift in Sources */ = {isa = PBXBuildFile; fileRef = 04817C292C5167F400A3E318 /* ApiService.swift */; };
		04AF94AF2C515B23008D8F3D /* AppDelegate.swift in Sources */ = {isa = PBXBuildFile; fileRef = 04AF94AE2C515B23008D8F3D /* AppDelegate.swift */; };
		04AF94B12C515B23008D8F3D /* SceneDelegate.swift in Sources */ = {isa = PBXBuildFile; fileRef = 04AF94B02C515B23008D8F3D /* SceneDelegate.swift */; };
		04AF94B32C515B23008D8F3D /* ViewController.swift in Sources */ = {isa = PBXBuildFile; fileRef = 04AF94B22C515B23008D8F3D /* ViewController.swift */; };
		04AF94B62C515B23008D8F3D /* Main.storyboard in Resources */ = {isa = PBXBuildFile; fileRef = 04AF94B42C515B23008D8F3D /* Main.storyboard */; };
		04AF94B82C515B25008D8F3D /* Assets.xcassets in Resources */ = {isa = PBXBuildFile; fileRef = 04AF94B72C515B25008D8F3D /* Assets.xcassets */; };
		04AF94BB2C515B25008D8F3D /* LaunchScreen.storyboard in Resources */ = {isa = PBXBuildFile; fileRef = 04AF94B92C515B25008D8F3D /* LaunchScreen.storyboard */; };
		04AF94C62C515B25008D8F3D /* GetFlixTests.swift in Sources */ = {isa = PBXBuildFile; fileRef = 04AF94C52C515B25008D8F3D /* GetFlixTests.swift */; };
		04AF94D02C515B25008D8F3D /* GetFlixUITests.swift in Sources */ = {isa = PBXBuildFile; fileRef = 04AF94CF2C515B25008D8F3D /* GetFlixUITests.swift */; };
		04AF94D22C515B25008D8F3D /* GetFlixUITestsLaunchTests.swift in Sources */ = {isa = PBXBuildFile; fileRef = 04AF94D12C515B25008D8F3D /* GetFlixUITestsLaunchTests.swift */; };
		04AF94E52C515BD6008D8F3D /* SDWebImage in Frameworks */ = {isa = PBXBuildFile; productRef = 04AF94E42C515BD6008D8F3D /* SDWebImage */; };
		04AF94E72C515BD6008D8F3D /* SDWebImageMapKit in Frameworks */ = {isa = PBXBuildFile; productRef = 04AF94E62C515BD6008D8F3D /* SDWebImageMapKit */; };
		04F1B2F62C521EF100546ACF /* CollectionViewCell.swift in Sources */ = {isa = PBXBuildFile; fileRef = 04F1B2F42C521EF100546ACF /* CollectionViewCell.swift */; };
		04F1B2F72C521EF100546ACF /* CollectionViewCell.xib in Resources */ = {isa = PBXBuildFile; fileRef = 04F1B2F52C521EF100546ACF /* CollectionViewCell.xib */; };
		04F1B2FA2C52375E00546ACF /* IQKeyboardManagerSwift in Frameworks */ = {isa = PBXBuildFile; productRef = 04F1B2F92C52375E00546ACF /* IQKeyboardManagerSwift */; };
		04F1B2FC2C5248D300546ACF /* DetailScreenVC.swift in Sources */ = {isa = PBXBuildFile; fileRef = 04F1B2FB2C5248D300546ACF /* DetailScreenVC.swift */; };
/* End PBXBuildFile section */

/* Begin PBXContainerItemProxy section */
		04AF94C22C515B25008D8F3D /* PBXContainerItemProxy */ = {
			isa = PBXContainerItemProxy;
			containerPortal = 04AF94A32C515B23008D8F3D /* Project object */;
			proxyType = 1;
			remoteGlobalIDString = 04AF94AA2C515B23008D8F3D;
			remoteInfo = GetFlix;
		};
		04AF94CC2C515B25008D8F3D /* PBXContainerItemProxy */ = {
			isa = PBXContainerItemProxy;
			containerPortal = 04AF94A32C515B23008D8F3D /* Project object */;
			proxyType = 1;
			remoteGlobalIDString = 04AF94AA2C515B23008D8F3D;
			remoteInfo = GetFlix;
		};
/* End PBXContainerItemProxy section */

/* Begin PBXFileReference section */
		04817C252C51662100A3E318 /* MainVC.swift */ = {isa = PBXFileReference; lastKnownFileType = sourcecode.swift; path = MainVC.swift; sourceTree = "<group>"; };
		04817C272C51678600A3E318 /* MovieModel.swift */ = {isa = PBXFileReference; lastKnownFileType = sourcecode.swift; path = MovieModel.swift; sourceTree = "<group>"; };
		04817C292C5167F400A3E318 /* ApiService.swift */ = {isa = PBXFileReference; lastKnownFileType = sourcecode.swift; path = ApiService.swift; sourceTree = "<group>"; };
		04AF94AB2C515B23008D8F3D /* GetFlix.app */ = {isa = PBXFileReference; explicitFileType = wrapper.application; includeInIndex = 0; path = GetFlix.app; sourceTree = BUILT_PRODUCTS_DIR; };
		04AF94AE2C515B23008D8F3D /* AppDelegate.swift */ = {isa = PBXFileReference; lastKnownFileType = sourcecode.swift; path = AppDelegate.swift; sourceTree = "<group>"; };
		04AF94B02C515B23008D8F3D /* SceneDelegate.swift */ = {isa = PBXFileReference; lastKnownFileType = sourcecode.swift; path = SceneDelegate.swift; sourceTree = "<group>"; };
		04AF94B22C515B23008D8F3D /* ViewController.swift */ = {isa = PBXFileReference; lastKnownFileType = sourcecode.swift; path = ViewController.swift; sourceTree = "<group>"; };
		04AF94B52C515B23008D8F3D /* Base */ = {isa = PBXFileReference; lastKnownFileType = file.storyboard; name = Base; path = Base.lproj/Main.storyboard; sourceTree = "<group>"; };
		04AF94B72C515B25008D8F3D /* Assets.xcassets */ = {isa = PBXFileReference; lastKnownFileType = folder.assetcatalog; path = Assets.xcassets; sourceTree = "<group>"; };
		04AF94BA2C515B25008D8F3D /* Base */ = {isa = PBXFileReference; lastKnownFileType = file.storyboard; name = Base; path = Base.lproj/LaunchScreen.storyboard; sourceTree = "<group>"; };
		04AF94BC2C515B25008D8F3D /* Info.plist */ = {isa = PBXFileReference; lastKnownFileType = text.plist.xml; path = Info.plist; sourceTree = "<group>"; };
		04AF94C12C515B25008D8F3D /* GetFlixTests.xctest */ = {isa = PBXFileReference; explicitFileType = wrapper.cfbundle; includeInIndex = 0; path = GetFlixTests.xctest; sourceTree = BUILT_PRODUCTS_DIR; };
		04AF94C52C515B25008D8F3D /* GetFlixTests.swift */ = {isa = PBXFileReference; lastKnownFileType = sourcecode.swift; path = GetFlixTests.swift; sourceTree = "<group>"; };
		04AF94CB2C515B25008D8F3D /* GetFlixUITests.xctest */ = {isa = PBXFileReference; explicitFileType = wrapper.cfbundle; includeInIndex = 0; path = GetFlixUITests.xctest; sourceTree = BUILT_PRODUCTS_DIR; };
		04AF94CF2C515B25008D8F3D /* GetFlixUITests.swift */ = {isa = PBXFileReference; lastKnownFileType = sourcecode.swift; path = GetFlixUITests.swift; sourceTree = "<group>"; };
		04AF94D12C515B25008D8F3D /* GetFlixUITestsLaunchTests.swift */ = {isa = PBXFileReference; lastKnownFileType = sourcecode.swift; path = GetFlixUITestsLaunchTests.swift; sourceTree = "<group>"; };
		04F1B2F42C521EF100546ACF /* CollectionViewCell.swift */ = {isa = PBXFileReference; lastKnownFileType = sourcecode.swift; path = CollectionViewCell.swift; sourceTree = "<group>"; };
		04F1B2F52C521EF100546ACF /* CollectionViewCell.xib */ = {isa = PBXFileReference; lastKnownFileType = file.xib; path = CollectionViewCell.xib; sourceTree = "<group>"; };
		04F1B2FB2C5248D300546ACF /* DetailScreenVC.swift */ = {isa = PBXFileReference; lastKnownFileType = sourcecode.swift; path = DetailScreenVC.swift; sourceTree = "<group>"; };
/* End PBXFileReference section */

/* Begin PBXFrameworksBuildPhase section */
		04AF94A82C515B23008D8F3D /* Frameworks */ = {
			isa = PBXFrameworksBuildPhase;
			buildActionMask = 2147483647;
			files = (
				040380E72C5397E40063E5BE /* SwipeCellKit in Frameworks */,
				04AF94E72C515BD6008D8F3D /* SDWebImageMapKit in Frameworks */,
				04AF94E52C515BD6008D8F3D /* SDWebImage in Frameworks */,
				04F1B2FA2C52375E00546ACF /* IQKeyboardManagerSwift in Frameworks */,
			);
			runOnlyForDeploymentPostprocessing = 0;
		};
		04AF94BE2C515B25008D8F3D /* Frameworks */ = {
			isa = PBXFrameworksBuildPhase;
			buildActionMask = 2147483647;
			files = (
			);
			runOnlyForDeploymentPostprocessing = 0;
		};
		04AF94C82C515B25008D8F3D /* Frameworks */ = {
			isa = PBXFrameworksBuildPhase;
			buildActionMask = 2147483647;
			files = (
			);
			runOnlyForDeploymentPostprocessing = 0;
		};
/* End PBXFrameworksBuildPhase section */

/* Begin PBXGroup section */
		04817C242C51660200A3E318 /* kk */ = {
			isa = PBXGroup;
			children = (
				04817C252C51662100A3E318 /* MainVC.swift */,
				04F1B2FB2C5248D300546ACF /* DetailScreenVC.swift */,
			);
			path = kk;
			sourceTree = "<group>";
		};
		04AF94A22C515B23008D8F3D = {
			isa = PBXGroup;
			children = (
				04817C242C51660200A3E318 /* kk */,
				04AF94E22C515B8B008D8F3D /* Cell */,
				04AF94E12C515B7E008D8F3D /* Network */,
				04AF94E02C515B74008D8F3D /* View */,
				04AF94DF2C515B66008D8F3D /* ViewControllers */,
				04AF94DE2C515B4A008D8F3D /* Models */,
				04AF94AD2C515B23008D8F3D /* GetFlix */,
				04AF94C42C515B25008D8F3D /* GetFlixTests */,
				04AF94CE2C515B25008D8F3D /* GetFlixUITests */,
				04AF94AC2C515B23008D8F3D /* Products */,
			);
			sourceTree = "<group>";
		};
		04AF94AC2C515B23008D8F3D /* Products */ = {
			isa = PBXGroup;
			children = (
				04AF94AB2C515B23008D8F3D /* GetFlix.app */,
				04AF94C12C515B25008D8F3D /* GetFlixTests.xctest */,
				04AF94CB2C515B25008D8F3D /* GetFlixUITests.xctest */,
			);
			name = Products;
			sourceTree = "<group>";
		};
		04AF94AD2C515B23008D8F3D /* GetFlix */ = {
			isa = PBXGroup;
			children = (
				04AF94AE2C515B23008D8F3D /* AppDelegate.swift */,
				04AF94B02C515B23008D8F3D /* SceneDelegate.swift */,
				04AF94B72C515B25008D8F3D /* Assets.xcassets */,
				04AF94B92C515B25008D8F3D /* LaunchScreen.storyboard */,
				04AF94BC2C515B25008D8F3D /* Info.plist */,
			);
			path = GetFlix;
			sourceTree = "<group>";
		};
		04AF94C42C515B25008D8F3D /* GetFlixTests */ = {
			isa = PBXGroup;
			children = (
				04AF94C52C515B25008D8F3D /* GetFlixTests.swift */,
			);
			path = GetFlixTests;
			sourceTree = "<group>";
		};
		04AF94CE2C515B25008D8F3D /* GetFlixUITests */ = {
			isa = PBXGroup;
			children = (
				04AF94CF2C515B25008D8F3D /* GetFlixUITests.swift */,
				04AF94D12C515B25008D8F3D /* GetFlixUITestsLaunchTests.swift */,
			);
			path = GetFlixUITests;
			sourceTree = "<group>";
		};
		04AF94DE2C515B4A008D8F3D /* Models */ = {
			isa = PBXGroup;
			children = (
				04817C272C51678600A3E318 /* MovieModel.swift */,
			);
			path = Models;
			sourceTree = "<group>";
		};
		04AF94DF2C515B66008D8F3D /* ViewControllers */ = {
			isa = PBXGroup;
			children = (
				04AF94B22C515B23008D8F3D /* ViewController.swift */,
			);
			path = ViewControllers;
			sourceTree = "<group>";
		};
		04AF94E02C515B74008D8F3D /* View */ = {
			isa = PBXGroup;
			children = (
				04AF94B42C515B23008D8F3D /* Main.storyboard */,
			);
			path = View;
			sourceTree = "<group>";
		};
		04AF94E12C515B7E008D8F3D /* Network */ = {
			isa = PBXGroup;
			children = (
				04817C292C5167F400A3E318 /* ApiService.swift */,
			);
			path = Network;
			sourceTree = "<group>";
		};
		04AF94E22C515B8B008D8F3D /* Cell */ = {
			isa = PBXGroup;
			children = (
				04F1B2F42C521EF100546ACF /* CollectionViewCell.swift */,
				04F1B2F52C521EF100546ACF /* CollectionViewCell.xib */,
			);
			path = Cell;
			sourceTree = "<group>";
		};
/* End PBXGroup section */

/* Begin PBXNativeTarget section */
		04AF94AA2C515B23008D8F3D /* GetFlix */ = {
			isa = PBXNativeTarget;
			buildConfigurationList = 04AF94D52C515B25008D8F3D /* Build configuration list for PBXNativeTarget "GetFlix" */;
			buildPhases = (
				04AF94A72C515B23008D8F3D /* Sources */,
				04AF94A82C515B23008D8F3D /* Frameworks */,
				04AF94A92C515B23008D8F3D /* Resources */,
			);
			buildRules = (
			);
			dependencies = (
			);
			name = GetFlix;
			packageProductDependencies = (
				04AF94E42C515BD6008D8F3D /* SDWebImage */,
				04AF94E62C515BD6008D8F3D /* SDWebImageMapKit */,
				04F1B2F92C52375E00546ACF /* IQKeyboardManagerSwift */,
				040380E62C5397E40063E5BE /* SwipeCellKit */,
			);
			productName = GetFlix;
			productReference = 04AF94AB2C515B23008D8F3D /* GetFlix.app */;
			productType = "com.apple.product-type.application";
		};
		04AF94C02C515B25008D8F3D /* GetFlixTests */ = {
			isa = PBXNativeTarget;
			buildConfigurationList = 04AF94D82C515B25008D8F3D /* Build configuration list for PBXNativeTarget "GetFlixTests" */;
			buildPhases = (
				04AF94BD2C515B25008D8F3D /* Sources */,
				04AF94BE2C515B25008D8F3D /* Frameworks */,
				04AF94BF2C515B25008D8F3D /* Resources */,
			);
			buildRules = (
			);
			dependencies = (
				04AF94C32C515B25008D8F3D /* PBXTargetDependency */,
			);
			name = GetFlixTests;
			productName = GetFlixTests;
			productReference = 04AF94C12C515B25008D8F3D /* GetFlixTests.xctest */;
			productType = "com.apple.product-type.bundle.unit-test";
		};
		04AF94CA2C515B25008D8F3D /* GetFlixUITests */ = {
			isa = PBXNativeTarget;
			buildConfigurationList = 04AF94DB2C515B25008D8F3D /* Build configuration list for PBXNativeTarget "GetFlixUITests" */;
			buildPhases = (
				04AF94C72C515B25008D8F3D /* Sources */,
				04AF94C82C515B25008D8F3D /* Frameworks */,
				04AF94C92C515B25008D8F3D /* Resources */,
			);
			buildRules = (
			);
			dependencies = (
				04AF94CD2C515B25008D8F3D /* PBXTargetDependency */,
			);
			name = GetFlixUITests;
			productName = GetFlixUITests;
			productReference = 04AF94CB2C515B25008D8F3D /* GetFlixUITests.xctest */;
			productType = "com.apple.product-type.bundle.ui-testing";
		};
/* End PBXNativeTarget section */

/* Begin PBXProject section */
		04AF94A32C515B23008D8F3D /* Project object */ = {
			isa = PBXProject;
			attributes = {
				BuildIndependentTargetsInParallel = 1;
				LastSwiftUpdateCheck = 1500;
				LastUpgradeCheck = 1500;
				TargetAttributes = {
					04AF94AA2C515B23008D8F3D = {
						CreatedOnToolsVersion = 15.0.1;
					};
					04AF94C02C515B25008D8F3D = {
						CreatedOnToolsVersion = 15.0.1;
						TestTargetID = 04AF94AA2C515B23008D8F3D;
					};
					04AF94CA2C515B25008D8F3D = {
						CreatedOnToolsVersion = 15.0.1;
						TestTargetID = 04AF94AA2C515B23008D8F3D;
					};
				};
			};
			buildConfigurationList = 04AF94A62C515B23008D8F3D /* Build configuration list for PBXProject "GetFlix" */;
			compatibilityVersion = "Xcode 14.0";
			developmentRegion = en;
			hasScannedForEncodings = 0;
			knownRegions = (
				en,
				Base,
			);
			mainGroup = 04AF94A22C515B23008D8F3D;
			packageReferences = (
				04AF94E32C515BD6008D8F3D /* XCRemoteSwiftPackageReference "SDWebImage" */,
				04F1B2F82C52375E00546ACF /* XCRemoteSwiftPackageReference "IQKeyboardManager" */,
				040380E52C5397E40063E5BE /* XCRemoteSwiftPackageReference "SwipeCellKit" */,
			);
			productRefGroup = 04AF94AC2C515B23008D8F3D /* Products */;
			projectDirPath = "";
			projectRoot = "";
			targets = (
				04AF94AA2C515B23008D8F3D /* GetFlix */,
				04AF94C02C515B25008D8F3D /* GetFlixTests */,
				04AF94CA2C515B25008D8F3D /* GetFlixUITests */,
			);
		};
/* End PBXProject section */

/* Begin PBXResourcesBuildPhase section */
		04AF94A92C515B23008D8F3D /* Resources */ = {
			isa = PBXResourcesBuildPhase;
			buildActionMask = 2147483647;
			files = (
				04AF94BB2C515B25008D8F3D /* LaunchScreen.storyboard in Resources */,
				04AF94B82C515B25008D8F3D /* Assets.xcassets in Resources */,
				04F1B2F72C521EF100546ACF /* CollectionViewCell.xib in Resources */,
				04AF94B62C515B23008D8F3D /* Main.storyboard in Resources */,
			);
			runOnlyForDeploymentPostprocessing = 0;
		};
		04AF94BF2C515B25008D8F3D /* Resources */ = {
			isa = PBXResourcesBuildPhase;
			buildActionMask = 2147483647;
			files = (
			);
			runOnlyForDeploymentPostprocessing = 0;
		};
		04AF94C92C515B25008D8F3D /* Resources */ = {
			isa = PBXResourcesBuildPhase;
			buildActionMask = 2147483647;
			files = (
			);
			runOnlyForDeploymentPostprocessing = 0;
		};
/* End PBXResourcesBuildPhase section */

/* Begin PBXSourcesBuildPhase section */
		04AF94A72C515B23008D8F3D /* Sources */ = {
			isa = PBXSourcesBuildPhase;
			buildActionMask = 2147483647;
			files = (
				04F1B2FC2C5248D300546ACF /* DetailScreenVC.swift in Sources */,
				04AF94B32C515B23008D8F3D /* ViewController.swift in Sources */,
				04817C262C51662100A3E318 /* MainVC.swift in Sources */,
				04817C2A2C5167F400A3E318 /* ApiService.swift in Sources */,
				04F1B2F62C521EF100546ACF /* CollectionViewCell.swift in Sources */,
				04817C282C51678600A3E318 /* MovieModel.swift in Sources */,
				04AF94AF2C515B23008D8F3D /* AppDelegate.swift in Sources */,
				04AF94B12C515B23008D8F3D /* SceneDelegate.swift in Sources */,
			);
			runOnlyForDeploymentPostprocessing = 0;
		};
		04AF94BD2C515B25008D8F3D /* Sources */ = {
			isa = PBXSourcesBuildPhase;
			buildActionMask = 2147483647;
			files = (
				04AF94C62C515B25008D8F3D /* GetFlixTests.swift in Sources */,
			);
			runOnlyForDeploymentPostprocessing = 0;
		};
		04AF94C72C515B25008D8F3D /* Sources */ = {
			isa = PBXSourcesBuildPhase;
			buildActionMask = 2147483647;
			files = (
				04AF94D22C515B25008D8F3D /* GetFlixUITestsLaunchTests.swift in Sources */,
				04AF94D02C515B25008D8F3D /* GetFlixUITests.swift in Sources */,
			);
			runOnlyForDeploymentPostprocessing = 0;
		};
/* End PBXSourcesBuildPhase section */

/* Begin PBXTargetDependency section */
		04AF94C32C515B25008D8F3D /* PBXTargetDependency */ = {
			isa = PBXTargetDependency;
			target = 04AF94AA2C515B23008D8F3D /* GetFlix */;
			targetProxy = 04AF94C22C515B25008D8F3D /* PBXContainerItemProxy */;
		};
		04AF94CD2C515B25008D8F3D /* PBXTargetDependency */ = {
			isa = PBXTargetDependency;
			target = 04AF94AA2C515B23008D8F3D /* GetFlix */;
			targetProxy = 04AF94CC2C515B25008D8F3D /* PBXContainerItemProxy */;
		};
/* End PBXTargetDependency section */

/* Begin PBXVariantGroup section */
		04AF94B42C515B23008D8F3D /* Main.storyboard */ = {
			isa = PBXVariantGroup;
			children = (
				04AF94B52C515B23008D8F3D /* Base */,
			);
			name = Main.storyboard;
			sourceTree = "<group>";
		};
		04AF94B92C515B25008D8F3D /* LaunchScreen.storyboard */ = {
			isa = PBXVariantGroup;
			children = (
				04AF94BA2C515B25008D8F3D /* Base */,
			);
			name = LaunchScreen.storyboard;
			sourceTree = "<group>";
		};
/* End PBXVariantGroup section */

/* Begin XCBuildConfiguration section */
		04AF94D32C515B25008D8F3D /* Debug */ = {
			isa = XCBuildConfiguration;
			buildSettings = {
				ALWAYS_SEARCH_USER_PATHS = NO;
				ASSETCATALOG_COMPILER_GENERATE_SWIFT_ASSET_SYMBOL_EXTENSIONS = YES;
				CLANG_ANALYZER_NONNULL = YES;
				CLANG_ANALYZER_NUMBER_OBJECT_CONVERSION = YES_AGGRESSIVE;
				CLANG_CXX_LANGUAGE_STANDARD = "gnu++20";
				CLANG_ENABLE_MODULES = YES;
				CLANG_ENABLE_OBJC_ARC = YES;
				CLANG_ENABLE_OBJC_WEAK = YES;
				CLANG_WARN_BLOCK_CAPTURE_AUTORELEASING = YES;
				CLANG_WARN_BOOL_CONVERSION = YES;
				CLANG_WARN_COMMA = YES;
				CLANG_WARN_CONSTANT_CONVERSION = YES;
				CLANG_WARN_DEPRECATED_OBJC_IMPLEMENTATIONS = YES;
				CLANG_WARN_DIRECT_OBJC_ISA_USAGE = YES_ERROR;
				CLANG_WARN_DOCUMENTATION_COMMENTS = YES;
				CLANG_WARN_EMPTY_BODY = YES;
				CLANG_WARN_ENUM_CONVERSION = YES;
				CLANG_WARN_INFINITE_RECURSION = YES;
				CLANG_WARN_INT_CONVERSION = YES;
				CLANG_WARN_NON_LITERAL_NULL_CONVERSION = YES;
				CLANG_WARN_OBJC_IMPLICIT_RETAIN_SELF = YES;
				CLANG_WARN_OBJC_LITERAL_CONVERSION = YES;
				CLANG_WARN_OBJC_ROOT_CLASS = YES_ERROR;
				CLANG_WARN_QUOTED_INCLUDE_IN_FRAMEWORK_HEADER = YES;
				CLANG_WARN_RANGE_LOOP_ANALYSIS = YES;
				CLANG_WARN_STRICT_PROTOTYPES = YES;
				CLANG_WARN_SUSPICIOUS_MOVE = YES;
				CLANG_WARN_UNGUARDED_AVAILABILITY = YES_AGGRESSIVE;
				CLANG_WARN_UNREACHABLE_CODE = YES;
				CLANG_WARN__DUPLICATE_METHOD_MATCH = YES;
				COPY_PHASE_STRIP = NO;
				DEBUG_INFORMATION_FORMAT = dwarf;
				ENABLE_STRICT_OBJC_MSGSEND = YES;
				ENABLE_TESTABILITY = YES;
				ENABLE_USER_SCRIPT_SANDBOXING = YES;
				GCC_C_LANGUAGE_STANDARD = gnu17;
				GCC_DYNAMIC_NO_PIC = NO;
				GCC_NO_COMMON_BLOCKS = YES;
				GCC_OPTIMIZATION_LEVEL = 0;
				GCC_PREPROCESSOR_DEFINITIONS = (
					"DEBUG=1",
					"$(inherited)",
				);
				GCC_WARN_64_TO_32_BIT_CONVERSION = YES;
				GCC_WARN_ABOUT_RETURN_TYPE = YES_ERROR;
				GCC_WARN_UNDECLARED_SELECTOR = YES;
				GCC_WARN_UNINITIALIZED_AUTOS = YES_AGGRESSIVE;
				GCC_WARN_UNUSED_FUNCTION = YES;
				GCC_WARN_UNUSED_VARIABLE = YES;
				IPHONEOS_DEPLOYMENT_TARGET = 17.0;
				LOCALIZATION_PREFERS_STRING_CATALOGS = YES;
				MTL_ENABLE_DEBUG_INFO = INCLUDE_SOURCE;
				MTL_FAST_MATH = YES;
				ONLY_ACTIVE_ARCH = YES;
				SDKROOT = iphoneos;
				SWIFT_ACTIVE_COMPILATION_CONDITIONS = "DEBUG $(inherited)";
				SWIFT_OPTIMIZATION_LEVEL = "-Onone";
			};
			name = Debug;
		};
		04AF94D42C515B25008D8F3D /* Release */ = {
			isa = XCBuildConfiguration;
			buildSettings = {
				ALWAYS_SEARCH_USER_PATHS = NO;
				ASSETCATALOG_COMPILER_GENERATE_SWIFT_ASSET_SYMBOL_EXTENSIONS = YES;
				CLANG_ANALYZER_NONNULL = YES;
				CLANG_ANALYZER_NUMBER_OBJECT_CONVERSION = YES_AGGRESSIVE;
				CLANG_CXX_LANGUAGE_STANDARD = "gnu++20";
				CLANG_ENABLE_MODULES = YES;
				CLANG_ENABLE_OBJC_ARC = YES;
				CLANG_ENABLE_OBJC_WEAK = YES;
				CLANG_WARN_BLOCK_CAPTURE_AUTORELEASING = YES;
				CLANG_WARN_BOOL_CONVERSION = YES;
				CLANG_WARN_COMMA = YES;
				CLANG_WARN_CONSTANT_CONVERSION = YES;
				CLANG_WARN_DEPRECATED_OBJC_IMPLEMENTATIONS = YES;
				CLANG_WARN_DIRECT_OBJC_ISA_USAGE = YES_ERROR;
				CLANG_WARN_DOCUMENTATION_COMMENTS = YES;
				CLANG_WARN_EMPTY_BODY = YES;
				CLANG_WARN_ENUM_CONVERSION = YES;
				CLANG_WARN_INFINITE_RECURSION = YES;
				CLANG_WARN_INT_CONVERSION = YES;
				CLANG_WARN_NON_LITERAL_NULL_CONVERSION = YES;
				CLANG_WARN_OBJC_IMPLICIT_RETAIN_SELF = YES;
				CLANG_WARN_OBJC_LITERAL_CONVERSION = YES;
				CLANG_WARN_OBJC_ROOT_CLASS = YES_ERROR;
				CLANG_WARN_QUOTED_INCLUDE_IN_FRAMEWORK_HEADER = YES;
				CLANG_WARN_RANGE_LOOP_ANALYSIS = YES;
				CLANG_WARN_STRICT_PROTOTYPES = YES;
				CLANG_WARN_SUSPICIOUS_MOVE = YES;
				CLANG_WARN_UNGUARDED_AVAILABILITY = YES_AGGRESSIVE;
				CLANG_WARN_UNREACHABLE_CODE = YES;
				CLANG_WARN__DUPLICATE_METHOD_MATCH = YES;
				COPY_PHASE_STRIP = NO;
				DEBUG_INFORMATION_FORMAT = "dwarf-with-dsym";
				ENABLE_NS_ASSERTIONS = NO;
				ENABLE_STRICT_OBJC_MSGSEND = YES;
				ENABLE_USER_SCRIPT_SANDBOXING = YES;
				GCC_C_LANGUAGE_STANDARD = gnu17;
				GCC_NO_COMMON_BLOCKS = YES;
				GCC_WARN_64_TO_32_BIT_CONVERSION = YES;
				GCC_WARN_ABOUT_RETURN_TYPE = YES_ERROR;
				GCC_WARN_UNDECLARED_SELECTOR = YES;
				GCC_WARN_UNINITIALIZED_AUTOS = YES_AGGRESSIVE;
				GCC_WARN_UNUSED_FUNCTION = YES;
				GCC_WARN_UNUSED_VARIABLE = YES;
				IPHONEOS_DEPLOYMENT_TARGET = 17.0;
				LOCALIZATION_PREFERS_STRING_CATALOGS = YES;
				MTL_ENABLE_DEBUG_INFO = NO;
				MTL_FAST_MATH = YES;
				SDKROOT = iphoneos;
				SWIFT_COMPILATION_MODE = wholemodule;
				VALIDATE_PRODUCT = YES;
			};
			name = Release;
		};
		04AF94D62C515B25008D8F3D /* Debug */ = {
			isa = XCBuildConfiguration;
			buildSettings = {
				ASSETCATALOG_COMPILER_APPICON_NAME = AppIcon;
				ASSETCATALOG_COMPILER_GLOBAL_ACCENT_COLOR_NAME = AccentColor;
				CODE_SIGN_STYLE = Automatic;
				CURRENT_PROJECT_VERSION = 1;
				DEVELOPMENT_TEAM = V6V97ZBX4X;
				GENERATE_INFOPLIST_FILE = YES;
				INFOPLIST_FILE = GetFlix/Info.plist;
				INFOPLIST_KEY_UIApplicationSupportsIndirectInputEvents = YES;
				INFOPLIST_KEY_UILaunchStoryboardName = LaunchScreen;
				INFOPLIST_KEY_UIMainStoryboardFile = Main;
				INFOPLIST_KEY_UISupportedInterfaceOrientations_iPad = "UIInterfaceOrientationPortrait UIInterfaceOrientationPortraitUpsideDown UIInterfaceOrientationLandscapeLeft UIInterfaceOrientationLandscapeRight";
				INFOPLIST_KEY_UISupportedInterfaceOrientations_iPhone = "UIInterfaceOrientationPortrait UIInterfaceOrientationLandscapeLeft UIInterfaceOrientationLandscapeRight";
				LD_RUNPATH_SEARCH_PATHS = (
					"$(inherited)",
					"@executable_path/Frameworks",
				);
				MARKETING_VERSION = 1.0;
				PRODUCT_BUNDLE_IDENTIFIER = learn.GetFlix;
				PRODUCT_NAME = "$(TARGET_NAME)";
				SWIFT_EMIT_LOC_STRINGS = YES;
				SWIFT_VERSION = 5.0;
				TARGETED_DEVICE_FAMILY = "1,2";
			};
			name = Debug;
		};
		04AF94D72C515B25008D8F3D /* Release */ = {
			isa = XCBuildConfiguration;
			buildSettings = {
				ASSETCATALOG_COMPILER_APPICON_NAME = AppIcon;
				ASSETCATALOG_COMPILER_GLOBAL_ACCENT_COLOR_NAME = AccentColor;
				CODE_SIGN_STYLE = Automatic;
				CURRENT_PROJECT_VERSION = 1;
				DEVELOPMENT_TEAM = V6V97ZBX4X;
				GENERATE_INFOPLIST_FILE = YES;
				INFOPLIST_FILE = GetFlix/Info.plist;
				INFOPLIST_KEY_UIApplicationSupportsIndirectInputEvents = YES;
				INFOPLIST_KEY_UILaunchStoryboardName = LaunchScreen;
				INFOPLIST_KEY_UIMainStoryboardFile = Main;
				INFOPLIST_KEY_UISupportedInterfaceOrientations_iPad = "UIInterfaceOrientationPortrait UIInterfaceOrientationPortraitUpsideDown UIInterfaceOrientationLandscapeLeft UIInterfaceOrientationLandscapeRight";
				INFOPLIST_KEY_UISupportedInterfaceOrientations_iPhone = "UIInterfaceOrientationPortrait UIInterfaceOrientationLandscapeLeft UIInterfaceOrientationLandscapeRight";
				LD_RUNPATH_SEARCH_PATHS = (
					"$(inherited)",
					"@executable_path/Frameworks",
				);
				MARKETING_VERSION = 1.0;
				PRODUCT_BUNDLE_IDENTIFIER = learn.GetFlix;
				PRODUCT_NAME = "$(TARGET_NAME)";
				SWIFT_EMIT_LOC_STRINGS = YES;
				SWIFT_VERSION = 5.0;
				TARGETED_DEVICE_FAMILY = "1,2";
			};
			name = Release;
		};
		04AF94D92C515B25008D8F3D /* Debug */ = {
			isa = XCBuildConfiguration;
			buildSettings = {
				ALWAYS_EMBED_SWIFT_STANDARD_LIBRARIES = YES;
				BUNDLE_LOADER = "$(TEST_HOST)";
				CODE_SIGN_STYLE = Automatic;
				CURRENT_PROJECT_VERSION = 1;
				DEVELOPMENT_TEAM = V6V97ZBX4X;
				GENERATE_INFOPLIST_FILE = YES;
				IPHONEOS_DEPLOYMENT_TARGET = 17.0;
				MARKETING_VERSION = 1.0;
				PRODUCT_BUNDLE_IDENTIFIER = learn.GetFlixTests;
				PRODUCT_NAME = "$(TARGET_NAME)";
				SWIFT_EMIT_LOC_STRINGS = NO;
				SWIFT_VERSION = 5.0;
				TARGETED_DEVICE_FAMILY = "1,2";
				TEST_HOST = "$(BUILT_PRODUCTS_DIR)/GetFlix.app/$(BUNDLE_EXECUTABLE_FOLDER_PATH)/GetFlix";
			};
			name = Debug;
		};
		04AF94DA2C515B25008D8F3D /* Release */ = {
			isa = XCBuildConfiguration;
			buildSettings = {
				ALWAYS_EMBED_SWIFT_STANDARD_LIBRARIES = YES;
				BUNDLE_LOADER = "$(TEST_HOST)";
				CODE_SIGN_STYLE = Automatic;
				CURRENT_PROJECT_VERSION = 1;
				DEVELOPMENT_TEAM = V6V97ZBX4X;
				GENERATE_INFOPLIST_FILE = YES;
				IPHONEOS_DEPLOYMENT_TARGET = 17.0;
				MARKETING_VERSION = 1.0;
				PRODUCT_BUNDLE_IDENTIFIER = learn.GetFlixTests;
				PRODUCT_NAME = "$(TARGET_NAME)";
				SWIFT_EMIT_LOC_STRINGS = NO;
				SWIFT_VERSION = 5.0;
				TARGETED_DEVICE_FAMILY = "1,2";
				TEST_HOST = "$(BUILT_PRODUCTS_DIR)/GetFlix.app/$(BUNDLE_EXECUTABLE_FOLDER_PATH)/GetFlix";
			};
			name = Release;
		};
		04AF94DC2C515B25008D8F3D /* Debug */ = {
			isa = XCBuildConfiguration;
			buildSettings = {
				ALWAYS_EMBED_SWIFT_STANDARD_LIBRARIES = YES;
				CODE_SIGN_STYLE = Automatic;
				CURRENT_PROJECT_VERSION = 1;
				DEVELOPMENT_TEAM = V6V97ZBX4X;
				GENERATE_INFOPLIST_FILE = YES;
				MARKETING_VERSION = 1.0;
				PRODUCT_BUNDLE_IDENTIFIER = learn.GetFlixUITests;
				PRODUCT_NAME = "$(TARGET_NAME)";
				SWIFT_EMIT_LOC_STRINGS = NO;
				SWIFT_VERSION = 5.0;
				TARGETED_DEVICE_FAMILY = "1,2";
				TEST_TARGET_NAME = GetFlix;
			};
			name = Debug;
		};
		04AF94DD2C515B25008D8F3D /* Release */ = {
			isa = XCBuildConfiguration;
			buildSettings = {
				ALWAYS_EMBED_SWIFT_STANDARD_LIBRARIES = YES;
				CODE_SIGN_STYLE = Automatic;
				CURRENT_PROJECT_VERSION = 1;
				DEVELOPMENT_TEAM = V6V97ZBX4X;
				GENERATE_INFOPLIST_FILE = YES;
				MARKETING_VERSION = 1.0;
				PRODUCT_BUNDLE_IDENTIFIER = learn.GetFlixUITests;
				PRODUCT_NAME = "$(TARGET_NAME)";
				SWIFT_EMIT_LOC_STRINGS = NO;
				SWIFT_VERSION = 5.0;
				TARGETED_DEVICE_FAMILY = "1,2";
				TEST_TARGET_NAME = GetFlix;
			};
			name = Release;
		};
/* End XCBuildConfiguration section */

/* Begin XCConfigurationList section */
		04AF94A62C515B23008D8F3D /* Build configuration list for PBXProject "GetFlix" */ = {
			isa = XCConfigurationList;
			buildConfigurations = (
				04AF94D32C515B25008D8F3D /* Debug */,
				04AF94D42C515B25008D8F3D /* Release */,
			);
			defaultConfigurationIsVisible = 0;
			defaultConfigurationName = Release;
		};
		04AF94D52C515B25008D8F3D /* Build configuration list for PBXNativeTarget "GetFlix" */ = {
			isa = XCConfigurationList;
			buildConfigurations = (
				04AF94D62C515B25008D8F3D /* Debug */,
				04AF94D72C515B25008D8F3D /* Release */,
			);
			defaultConfigurationIsVisible = 0;
			defaultConfigurationName = Release;
		};
		04AF94D82C515B25008D8F3D /* Build configuration list for PBXNativeTarget "GetFlixTests" */ = {
			isa = XCConfigurationList;
			buildConfigurations = (
				04AF94D92C515B25008D8F3D /* Debug */,
				04AF94DA2C515B25008D8F3D /* Release */,
			);
			defaultConfigurationIsVisible = 0;
			defaultConfigurationName = Release;
		};
		04AF94DB2C515B25008D8F3D /* Build configuration list for PBXNativeTarget "GetFlixUITests" */ = {
			isa = XCConfigurationList;
			buildConfigurations = (
				04AF94DC2C515B25008D8F3D /* Debug */,
				04AF94DD2C515B25008D8F3D /* Release */,
			);
			defaultConfigurationIsVisible = 0;
			defaultConfigurationName = Release;
		};
/* End XCConfigurationList section */

/* Begin XCRemoteSwiftPackageReference section */
		040380E52C5397E40063E5BE /* XCRemoteSwiftPackageReference "SwipeCellKit" */ = {
			isa = XCRemoteSwiftPackageReference;
			repositoryURL = "https://github.com/SwipeCellKit/SwipeCellKit";
			requirement = {
				kind = upToNextMajorVersion;
				minimumVersion = 2.7.1;
			};
		};
		04AF94E32C515BD6008D8F3D /* XCRemoteSwiftPackageReference "SDWebImage" */ = {
			isa = XCRemoteSwiftPackageReference;
			repositoryURL = "https://github.com/SDWebImage/SDWebImage.git";
			requirement = {
				kind = upToNextMajorVersion;
				minimumVersion = 5.19.5;
			};
		};
		04F1B2F82C52375E00546ACF /* XCRemoteSwiftPackageReference "IQKeyboardManager" */ = {
			isa = XCRemoteSwiftPackageReference;
			repositoryURL = "https://github.com/hackiftekhar/IQKeyboardManager.git";
			requirement = {
				kind = upToNextMajorVersion;
				minimumVersion = 7.1.1;
			};
		};
/* End XCRemoteSwiftPackageReference section */

/* Begin XCSwiftPackageProductDependency section */
		040380E62C5397E40063E5BE /* SwipeCellKit */ = {
			isa = XCSwiftPackageProductDependency;
			package = 040380E52C5397E40063E5BE /* XCRemoteSwiftPackageReference "SwipeCellKit" */;
			productName = SwipeCellKit;
		};
		04AF94E42C515BD6008D8F3D /* SDWebImage */ = {
			isa = XCSwiftPackageProductDependency;
			package = 04AF94E32C515BD6008D8F3D /* XCRemoteSwiftPackageReference "SDWebImage" */;
			productName = SDWebImage;
		};
		04AF94E62C515BD6008D8F3D /* SDWebImageMapKit */ = {
			isa = XCSwiftPackageProductDependency;
			package = 04AF94E32C515BD6008D8F3D /* XCRemoteSwiftPackageReference "SDWebImage" */;
			productName = SDWebImageMapKit;
		};
		04F1B2F92C52375E00546ACF /* IQKeyboardManagerSwift */ = {
			isa = XCSwiftPackageProductDependency;
			package = 04F1B2F82C52375E00546ACF /* XCRemoteSwiftPackageReference "IQKeyboardManager" */;
			productName = IQKeyboardManagerSwift;
		};
/* End XCSwiftPackageProductDependency section */
	};
	rootObject = 04AF94A32C515B23008D8F3D /* Project object */;
}
